Microsoft Visual Studio Solution File, Format Version 12.00
# Visual Studio 15
VisualStudioVersion = 15.0.27004.2005
MinimumVisualStudioVersion = 15.0.26124.0
Project("{2150E333-8FDC-42A3-9474-1A3956D46DE8}") = "src", "src", "{AEC3A063-2419-4DAE-9EEB-F845DC367800}"
EndProject
Project("{2150E333-8FDC-42A3-9474-1A3956D46DE8}") = "server", "server", "{455E5A5C-20D6-45F0-89CA-5EA60A4BA57D}"
EndProject
Project("{9A19103F-16F7-4668-BE54-9A1E7A4F7556}") = "JsonRpc", "src\server\JsonRpc\JsonRpc.csproj", "{CF8B1294-54A3-4E07-B278-B920DFA3FB9E}"
EndProject
Project("{9A19103F-16F7-4668-BE54-9A1E7A4F7556}") = "LanguageServerProtocol", "src\server\LanguageServerProtocol\LanguageServerProtocol.csproj", "{497C9951-29CE-435B-AF93-FCFCDA3D7A69}"
EndProject
Project("{FAE04EC0-301F-11D3-BF4B-00C04F79EFBC}") = "PluginServer", "src\server\PluginServer\PluginServer.csproj", "{FCAA5BD2-E51D-4235-B398-5C070C9964DC}"
EndProject
Global
	GlobalSection(SolutionConfigurationPlatforms) = preSolution
		Debug|Any CPU = Debug|Any CPU
		Release|Any CPU = Release|Any CPU
	EndGlobalSection
	GlobalSection(ProjectConfigurationPlatforms) = postSolution
		{CF8B1294-54A3-4E07-B278-B920DFA3FB9E}.Debug|Any CPU.ActiveCfg = Debug|Any CPU
		{CF8B1294-54A3-4E07-B278-B920DFA3FB9E}.Debug|Any CPU.Build.0 = Debug|Any CPU
		{CF8B1294-54A3-4E07-B278-B920DFA3FB9E}.Release|Any CPU.ActiveCfg = Release|Any CPU
		{CF8B1294-54A3-4E07-B278-B920DFA3FB9E}.Release|Any CPU.Build.0 = Release|Any CPU
		{497C9951-29CE-435B-AF93-FCFCDA3D7A69}.Debug|Any CPU.ActiveCfg = Debug|Any CPU
		{497C9951-29CE-435B-AF93-FCFCDA3D7A69}.Debug|Any CPU.Build.0 = Debug|Any CPU
		{497C9951-29CE-435B-AF93-FCFCDA3D7A69}.Release|Any CPU.ActiveCfg = Release|Any CPU
		{497C9951-29CE-435B-AF93-FCFCDA3D7A69}.Release|Any CPU.Build.0 = Release|Any CPU
		{FCAA5BD2-E51D-4235-B398-5C070C9964DC}.Debug|Any CPU.ActiveCfg = Debug|Any CPU
		{FCAA5BD2-E51D-4235-B398-5C070C9964DC}.Debug|Any CPU.Build.0 = Debug|Any CPU
		{FCAA5BD2-E51D-4235-B398-5C070C9964DC}.Release|Any CPU.ActiveCfg = Release|Any CPU
		{FCAA5BD2-E51D-4235-B398-5C070C9964DC}.Release|Any CPU.Build.0 = Release|Any CPU
	EndGlobalSection
	GlobalSection(SolutionProperties) = preSolution
		HideSolutionNode = FALSE
	EndGlobalSection
	GlobalSection(NestedProjects) = preSolution
		{455E5A5C-20D6-45F0-89CA-5EA60A4BA57D} = {AEC3A063-2419-4DAE-9EEB-F845DC367800}
		{CF8B1294-54A3-4E07-B278-B920DFA3FB9E} = {455E5A5C-20D6-45F0-89CA-5EA60A4BA57D}
		{497C9951-29CE-435B-AF93-FCFCDA3D7A69} = {455E5A5C-20D6-45F0-89CA-5EA60A4BA57D}
		{FCAA5BD2-E51D-4235-B398-5C070C9964DC} = {455E5A5C-20D6-45F0-89CA-5EA60A4BA57D}
	EndGlobalSection
	GlobalSection(ExtensibilityGlobals) = postSolution
		SolutionGuid = {E6C25730-D778-42B1-B0E8-001B508ED827}
	EndGlobalSection
EndGlobal
